PODS:
  - NearITSDK (2.2.4)
  - React (0.49.3):
    - React/Core (= 0.49.3)
  - React/BatchedBridge (0.49.3):
    - React/Core
    - React/cxxreact_legacy
  - React/Core (0.49.3):
    - yoga (= 0.49.3.React)
  - React/cxxreact_legacy (0.49.3):
    - React/jschelpers_legacy
  - React/DevSupport (0.49.3):
    - React/Core
    - React/RCTWebSocket
  - React/fishhook (0.49.3)
  - React/jschelpers_legacy (0.49.3)
  - React/RCTBlob (0.49.3):
    - React/Core
  - React/RCTWebSocket (0.49.3):
    - React/Core
    - React/fishhook
    - React/RCTBlob
  - RNNearIt (2.2.7-beta.7):
    - NearITSDK (= 2.2.4)
    - React
  - yoga (0.49.3.React)

DEPENDENCIES:
  - React/BatchedBridge (from `../node_modules/react-native`)
  - React/Core (from `../node_modules/react-native`)
  - React/DevSupport (from `../node_modules/react-native`)
  - RNNearIt (from `../node_modules/react-native-nearit`)
  - yoga (from `../node_modules/react-native/ReactCommon/yoga`)

EXTERNAL SOURCES:
  React:
    :path: ../node_modules/react-native
  RNNearIt:
    :path: ../node_modules/react-native-nearit
  yoga:
    :path: ../node_modules/react-native/ReactCommon/yoga

SPEC CHECKSUMS:
  NearITSDK: a5eb344a2673db0c59e06a512f84cb2ea1f666c2
  React: 5751f5630c58f7ef31a00cf03044878295bceff0
  RNNearIt: d73f5893ba10e4f050de04ecc4930db8766a4d81
  yoga: 6e56575501ecea04196f9c9f08b90cf97cd5da24

PODFILE CHECKSUM: c7fa801c9f49a93403e6c7e9c8b9eeeb817ebc52

COCOAPODS: 1.3.1
