// !$*UTF8*$!
{
	archiveVersion = 1;
	classes = {
	};
	objectVersion = 46;
	objects = {

/* Begin PBXBuildFile section */
		3008FF0C1F838526006CA738 /* RNNearItBackgroundQueue.m in Sources */ = {isa = PBXBuildFile; fileRef = 3008FF0A1F838526006CA738 /* RNNearItBackgroundQueue.m */; };
		380DC25422AFF66C006047E7 /* RNNearItConsts.m in Sources */ = {isa = PBXBuildFile; fileRef = 380DC25322AFF66C006047E7 /* RNNearItConsts.m */; };
		380DC42A22B12949006047E7 /* RNNearItConsts.h in Copy Files */ = {isa = PBXBuildFile; fileRef = 380DC25222AFF66C006047E7 /* RNNearItConsts.h */; };
		380DC42B22B12949006047E7 /* RNNearItUtils.h in Copy Files */ = {isa = PBXBuildFile; fileRef = 3894AFF522AEB1370001CA25 /* RNNearItUtils.h */; };
		380DC42D22B12949006047E7 /* RNNearItBackgroundQueue.h in Copy Files */ = {isa = PBXBuildFile; fileRef = 3008FF0B1F838526006CA738 /* RNNearItBackgroundQueue.h */; };
		380DC56022B159C6006047E7 /* RNNearItUI.m in Sources */ = {isa = PBXBuildFile; fileRef = 380DC55F22B159C6006047E7 /* RNNearItUI.m */; };
		380DC56122B16184006047E7 /* RNNearItUI.h in Copy Files */ = {isa = PBXBuildFile; fileRef = 380DC55E22B158D0006047E7 /* RNNearItUI.h */; };
		380DC5E722BCC928006047E7 /* RNNearIt.m in Sources */ = {isa = PBXBuildFile; fileRef = 380DC5E622BCC927006047E7 /* RNNearIt.m */; };
		380DC5E922C0D86A006047E7 /* RNNearIt.h in Copy Files */ = {isa = PBXBuildFile; fileRef = 380DC5E822BCC986006047E7 /* RNNearIt.h */; };
		3894AFF722AEB1DD0001CA25 /* RNNearItUtils.m in Sources */ = {isa = PBXBuildFile; fileRef = 3894AFF622AEB1DD0001CA25 /* RNNearItUtils.m */; };
/* End PBXBuildFile section */

/* Begin PBXCopyFilesBuildPhase section */
		58B511D91A9E6C8500147676 /* Copy Files */ = {
			isa = PBXCopyFilesBuildPhase;
			buildActionMask = 2147483647;
			dstPath = "include/$(PRODUCT_NAME)";
			dstSubfolderSpec = 16;
			files = (
				380DC5E922C0D86A006047E7 /* RNNearIt.h in Copy Files */,
				380DC56122B16184006047E7 /* RNNearItUI.h in Copy Files */,
				380DC42A22B12949006047E7 /* RNNearItConsts.h in Copy Files */,
				380DC42B22B12949006047E7 /* RNNearItUtils.h in Copy Files */,
				380DC42D22B12949006047E7 /* RNNearItBackgroundQueue.h in Copy Files */,
			);
			name = "Copy Files";
			runOnlyForDeploymentPostprocessing = 0;
		};
/* End PBXCopyFilesBuildPhase section */

/* Begin PBXFileReference section */
		134814201AA4EA6300B7C361 /* libRNNearIt.a */ = {isa = PBXFileReference; explicitFileType = archive.ar; includeInIndex = 0; path = libRNNearIt.a; sourceTree = BUILT_PRODUCTS_DIR; };
		3008FF0A1F838526006CA738 /* RNNearItBackgroundQueue.m */ = {isa = PBXFileReference; fileEncoding = 4; lastKnownFileType = sourcecode.c.objc; path = RNNearItBackgroundQueue.m; sourceTree = "<group>"; };
		3008FF0B1F838526006CA738 /* RNNearItBackgroundQueue.h */ = {isa = PBXFileReference; fileEncoding = 4; lastKnownFileType = sourcecode.c.h; path = RNNearItBackgroundQueue.h; sourceTree = "<group>"; };
		380DC25222AFF66C006047E7 /* RNNearItConsts.h */ = {isa = PBXFileReference; fileEncoding = 4; lastKnownFileType = sourcecode.c.h; path = RNNearItConsts.h; sourceTree = "<group>"; };
		380DC25322AFF66C006047E7 /* RNNearItConsts.m */ = {isa = PBXFileReference; fileEncoding = 4; lastKnownFileType = sourcecode.c.objc; path = RNNearItConsts.m; sourceTree = "<group>"; };
		380DC55E22B158D0006047E7 /* RNNearItUI.h */ = {isa = PBXFileReference; lastKnownFileType = sourcecode.c.h; path = RNNearItUI.h; sourceTree = "<group>"; };
		380DC55F22B159C6006047E7 /* RNNearItUI.m */ = {isa = PBXFileReference; lastKnownFileType = sourcecode.c.objc; path = RNNearItUI.m; sourceTree = "<group>"; };
		380DC5E622BCC927006047E7 /* RNNearIt.m */ = {isa = PBXFileReference; lastKnownFileType = sourcecode.c.objc; path = RNNearIt.m; sourceTree = "<group>"; };
		380DC5E822BCC986006047E7 /* RNNearIt.h */ = {isa = PBXFileReference; lastKnownFileType = sourcecode.c.h; path = RNNearIt.h; sourceTree = "<group>"; };
		3894AFF522AEB1370001CA25 /* RNNearItUtils.h */ = {isa = PBXFileReference; lastKnownFileType = sourcecode.c.h; path = RNNearItUtils.h; sourceTree = "<group>"; };
		3894AFF622AEB1DD0001CA25 /* RNNearItUtils.m */ = {isa = PBXFileReference; lastKnownFileType = sourcecode.c.objc; path = RNNearItUtils.m; sourceTree = "<group>"; };
/* End PBXFileReference section */

/* Begin PBXFrameworksBuildPhase section */
		58B511D81A9E6C8500147676 /* Frameworks */ = {
			isa = PBXFrameworksBuildPhase;
			buildActionMask = 2147483647;
			files = (
			);
			runOnlyForDeploymentPostprocessing = 0;
		};
/* End PBXFrameworksBuildPhase section */

/* Begin PBXGroup section */
		134814211AA4EA7D00B7C361 /* Products */ = {
			isa = PBXGroup;
			children = (
				134814201AA4EA6300B7C361 /* libRNNearIt.a */,
			);
			name = Products;
			sourceTree = "<group>";
		};
		38E31BFD21130F510058EE9D /* Frameworks */ = {
			isa = PBXGroup;
			children = (
			);
			name = Frameworks;
			sourceTree = "<group>";
		};
		58B511D21A9E6C8500147676 = {
			isa = PBXGroup;
			children = (
				380DC5E822BCC986006047E7 /* RNNearIt.h */,
				380DC5E622BCC927006047E7 /* RNNearIt.m */,
				380DC55F22B159C6006047E7 /* RNNearItUI.m */,
				380DC55E22B158D0006047E7 /* RNNearItUI.h */,
				380DC25222AFF66C006047E7 /* RNNearItConsts.h */,
				380DC25322AFF66C006047E7 /* RNNearItConsts.m */,
				3894AFF622AEB1DD0001CA25 /* RNNearItUtils.m */,
				3894AFF522AEB1370001CA25 /* RNNearItUtils.h */,
				3008FF0B1F838526006CA738 /* RNNearItBackgroundQueue.h */,
				3008FF0A1F838526006CA738 /* RNNearItBackgroundQueue.m */,
				134814211AA4EA7D00B7C361 /* Products */,
				38E31BFD21130F510058EE9D /* Frameworks */,
			);
			sourceTree = "<group>";
		};
/* End PBXGroup section */

/* Begin PBXNativeTarget section */
		58B511DA1A9E6C8500147676 /* RNNearIt */ = {
			isa = PBXNativeTarget;
			buildConfigurationList = 58B511EF1A9E6C8500147676 /* Build configuration list for PBXNativeTarget "RNNearIt" */;
			buildPhases = (
				58B511D71A9E6C8500147676 /* Sources */,
				58B511D81A9E6C8500147676 /* Frameworks */,
				58B511D91A9E6C8500147676 /* Copy Files */,
				3850096B202C57680076609B /* Resources */,
			);
			buildRules = (
			);
			dependencies = (
			);
			name = RNNearIt;
			productName = RCTDataManager;
			productReference = 134814201AA4EA6300B7C361 /* libRNNearIt.a */;
			productType = "com.apple.product-type.library.static";
		};
/* End PBXNativeTarget section */

/* Begin PBXProject section */
		58B511D31A9E6C8500147676 /* Project object */ = {
			isa = PBXProject;
			attributes = {
				LastUpgradeCheck = 0940;
				ORGANIZATIONNAME = Facebook;
				TargetAttributes = {
					58B511DA1A9E6C8500147676 = {
						CreatedOnToolsVersion = 6.1.1;
					};
				};
			};
			buildConfigurationList = 58B511D61A9E6C8500147676 /* Build configuration list for PBXProject "RNNearIt" */;
			compatibilityVersion = "Xcode 3.2";
			developmentRegion = English;
			hasScannedForEncodings = 0;
			knownRegions = (
				English,
				en,
			);
			mainGroup = 58B511D21A9E6C8500147676;
			productRefGroup = 58B511D21A9E6C8500147676;
			projectDirPath = "";
			projectRoot = "";
			targets = (
				58B511DA1A9E6C8500147676 /* RNNearIt */,
			);
		};
/* End PBXProject section */

/* Begin PBXResourcesBuildPhase section */
		3850096B202C57680076609B /* Resources */ = {
			isa = PBXResourcesBuildPhase;
			buildActionMask = 2147483647;
			files = (
			);
			runOnlyForDeploymentPostprocessing = 0;
		};
/* End PBXResourcesBuildPhase section */

/* Begin PBXSourcesBuildPhase section */
		58B511D71A9E6C8500147676 /* Sources */ = {
			isa = PBXSourcesBuildPhase;
			buildActionMask = 2147483647;
			files = (
				380DC5E722BCC928006047E7 /* RNNearIt.m in Sources */,
				380DC56022B159C6006047E7 /* RNNearItUI.m in Sources */,
				380DC25422AFF66C006047E7 /* RNNearItConsts.m in Sources */,
				3894AFF722AEB1DD0001CA25 /* RNNearItUtils.m in Sources */,
				3008FF0C1F838526006CA738 /* RNNearItBackgroundQueue.m in Sources */,
			);
			runOnlyForDeploymentPostprocessing = 0;
		};
/* End PBXSourcesBuildPhase section */

/* Begin XCBuildConfiguration section */
		58B511ED1A9E6C8500147676 /* Debug */ = {
			isa = XCBuildConfiguration;
			buildSettings = {
				ALWAYS_SEARCH_USER_PATHS = NO;
				CLANG_CXX_LANGUAGE_STANDARD = "gnu++0x";
				CLANG_CXX_LIBRARY = "libc++";
				CLANG_ENABLE_MODULES = YES;
				CLANG_ENABLE_OBJC_ARC = YES;
				CLANG_WARN_BOOL_CONVERSION = YES;
				CLANG_WARN_CONSTANT_CONVERSION = YES;
				CLANG_WARN_DIRECT_OBJC_ISA_USAGE = YES_ERROR;
				CLANG_WARN_EMPTY_BODY = YES;
				CLANG_WARN_ENUM_CONVERSION = YES;
				CLANG_WARN_INFINITE_RECURSION = YES;
				CLANG_WARN_INT_CONVERSION = YES;
				CLANG_WARN_OBJC_ROOT_CLASS = YES_ERROR;
				CLANG_WARN_SUSPICIOUS_MOVE = YES;
				CLANG_WARN_UNREACHABLE_CODE = YES;
				CLANG_WARN__DUPLICATE_METHOD_MATCH = YES;
				COPY_PHASE_STRIP = NO;
				ENABLE_STRICT_OBJC_MSGSEND = YES;
				ENABLE_TESTABILITY = YES;
				GCC_C_LANGUAGE_STANDARD = gnu99;
				GCC_DYNAMIC_NO_PIC = NO;
				GCC_NO_COMMON_BLOCKS = YES;
				GCC_OPTIMIZATION_LEVEL = 0;
				GCC_PREPROCESSOR_DEFINITIONS = (
					"DEBUG=1",
					"$(inherited)",
				);
				GCC_SYMBOLS_PRIVATE_EXTERN = NO;
				GCC_WARN_64_TO_32_BIT_CONVERSION = YES;
				GCC_WARN_ABOUT_RETURN_TYPE = YES_ERROR;
				GCC_WARN_UNDECLARED_SELECTOR = YES;
				GCC_WARN_UNINITIALIZED_AUTOS = YES_AGGRESSIVE;
				GCC_WARN_UNUSED_FUNCTION = YES;
				GCC_WARN_UNUSED_VARIABLE = YES;
				IPHONEOS_DEPLOYMENT_TARGET = 9.0;
				MTL_ENABLE_DEBUG_INFO = YES;
				ONLY_ACTIVE_ARCH = YES;
				SDKROOT = iphoneos;
				VALID_ARCHS = "arm64 armv7 armv7s x86_64";
			};
			name = Debug;
		};
		58B511EE1A9E6C8500147676 /* Release */ = {
			isa = XCBuildConfiguration;
			buildSettings = {
				ALWAYS_SEARCH_USER_PATHS = NO;
				CLANG_CXX_LANGUAGE_STANDARD = "gnu++0x";
				CLANG_CXX_LIBRARY = "libc++";
				CLANG_ENABLE_MODULES = YES;
				CLANG_ENABLE_OBJC_ARC = YES;
				CLANG_WARN_BOOL_CONVERSION = YES;
				CLANG_WARN_CONSTANT_CONVERSION = YES;
				CLANG_WARN_DIRECT_OBJC_ISA_USAGE = YES_ERROR;
				CLANG_WARN_EMPTY_BODY = YES;
				CLANG_WARN_ENUM_CONVERSION = YES;
				CLANG_WARN_INFINITE_RECURSION = YES;
				CLANG_WARN_INT_CONVERSION = YES;
				CLANG_WARN_OBJC_ROOT_CLASS = YES_ERROR;
				CLANG_WARN_SUSPICIOUS_MOVE = YES;
				CLANG_WARN_UNREACHABLE_CODE = YES;
				CLANG_WARN__DUPLICATE_METHOD_MATCH = YES;
				COPY_PHASE_STRIP = YES;
				ENABLE_NS_ASSERTIONS = NO;
				ENABLE_STRICT_OBJC_MSGSEND = YES;
				GCC_C_LANGUAGE_STANDARD = gnu99;
				GCC_NO_COMMON_BLOCKS = YES;
				GCC_WARN_64_TO_32_BIT_CONVERSION = YES;
				GCC_WARN_ABOUT_RETURN_TYPE = YES_ERROR;
				GCC_WARN_UNDECLARED_SELECTOR = YES;
				GCC_WARN_UNINITIALIZED_AUTOS = YES_AGGRESSIVE;
				GCC_WARN_UNUSED_FUNCTION = YES;
				GCC_WARN_UNUSED_VARIABLE = YES;
				IPHONEOS_DEPLOYMENT_TARGET = 9.0;
				MTL_ENABLE_DEBUG_INFO = NO;
				SDKROOT = iphoneos;
				VALIDATE_PRODUCT = YES;
				VALID_ARCHS = "arm64 armv7 armv7s x86_64";
			};
			name = Release;
		};
		58B511F01A9E6C8500147676 /* Debug */ = {
			isa = XCBuildConfiguration;
			buildSettings = {
				HEADER_SEARCH_PATHS = (
					"$(inherited)",
					/Applications/Xcode.app/Contents/Developer/Toolchains/XcodeDefault.xctoolchain/usr/include,
					"$(SRCROOT)/../../../React/**",
					"$(SRCROOT)/../../react-native/React/**",
				);
				LIBRARY_SEARCH_PATHS = "$(inherited)";
				OTHER_LDFLAGS = "-ObjC";
				PRODUCT_NAME = RNNearIt;
				SKIP_INSTALL = YES;
			};
			name = Debug;
		};
		58B511F11A9E6C8500147676 /* Release */ = {
			isa = XCBuildConfiguration;
			buildSettings = {
				HEADER_SEARCH_PATHS = (
					"$(inherited)",
					/Applications/Xcode.app/Contents/Developer/Toolchains/XcodeDefault.xctoolchain/usr/include,
					"$(SRCROOT)/../../../React/**",
					"$(SRCROOT)/../../react-native/React/**",
				);
				LIBRARY_SEARCH_PATHS = "$(inherited)";
				OTHER_LDFLAGS = "-ObjC";
				PRODUCT_NAME = RNNearIt;
				SKIP_INSTALL = YES;
			};
			name = Release;
		};
/* End XCBuildConfiguration section */

/* Begin XCConfigurationList section */
		58B511D61A9E6C8500147676 /* Build configuration list for PBXProject "RNNearIt" */ = {
			isa = XCConfigurationList;
			buildConfigurations = (
				58B511ED1A9E6C8500147676 /* Debug */,
				58B511EE1A9E6C8500147676 /* Release */,
			);
			defaultConfigurationIsVisible = 0;
			defaultConfigurationName = Release;
		};
		58B511EF1A9E6C8500147676 /* Build configuration list for PBXNativeTarget "RNNearIt" */ = {
			isa = XCConfigurationList;
			buildConfigurations = (
				58B511F01A9E6C8500147676 /* Debug */,
				58B511F11A9E6C8500147676 /* Release */,
			);
			defaultConfigurationIsVisible = 0;
			defaultConfigurationName = Release;
		};
/* End XCConfigurationList section */
	};
	rootObject = 58B511D31A9E6C8500147676 /* Project object */;
}
